// !$*UTF8*$!
{
	archiveVersion = 1;
	classes = {
	};
	objectVersion = 46;
	objects = {

/* Begin PBXBuildFile section */
		7E246D4A144F076D008A8586 /* UIKit.framework in Frameworks */ = {isa = PBXBuildFile; fileRef = 7E246D49144F076D008A8586 /* UIKit.framework */; };
		7E246D4C144F076D008A8586 /* Foundation.framework in Frameworks */ = {isa = PBXBuildFile; fileRef = 7E246D4B144F076D008A8586 /* Foundation.framework */; };
		7E246D4E144F076D008A8586 /* CoreGraphics.framework in Frameworks */ = {isa = PBXBuildFile; fileRef = 7E246D4D144F076D008A8586 /* CoreGraphics.framework */; };
		7E246D54144F076D008A8586 /* InfoPlist.strings in Resources */ = {isa = PBXBuildFile; fileRef = 7E246D52144F076D008A8586 /* InfoPlist.strings */; };
		7E246D56144F076D008A8586 /* main.m in Sources */ = {isa = PBXBuildFile; fileRef = 7E246D55144F076D008A8586 /* main.m */; };
		7E246D5A144F076D008A8586 /* ITAppDelegate.m in Sources */ = {isa = PBXBuildFile; fileRef = 7E246D59144F076D008A8586 /* ITAppDelegate.m */; };
/* End PBXBuildFile section */

/* Begin PBXFileReference section */
		7E246D45144F076D008A8586 /* iTransmission.app */ = {isa = PBXFileReference; explicitFileType = wrapper.application; includeInIndex = 0; path = iTransmission.app; sourceTree = BUILT_PRODUCTS_DIR; };
		7E246D49144F076D008A8586 /* UIKit.framework */ = {isa = PBXFileReference; lastKnownFileType = wrapper.framework; name = UIKit.framework; path = System/Library/Frameworks/UIKit.framework; sourceTree = SDKROOT; };
		7E246D4B144F076D008A8586 /* Foundation.framework */ = {isa = PBXFileReference; lastKnownFileType = wrapper.framework; name = Foundation.framework; path = System/Library/Frameworks/Foundation.framework; sourceTree = SDKROOT; };
		7E246D4D144F076D008A8586 /* CoreGraphics.framework */ = {isa = PBXFileReference; lastKnownFileType = wrapper.framework; name = CoreGraphics.framework; path = System/Library/Frameworks/CoreGraphics.framework; sourceTree = SDKROOT; };
		7E246D51144F076D008A8586 /* iTransmission-Info.plist */ = {isa = PBXFileReference; path = "iTransmission-Info.plist"; sourceTree = "<group>"; };
		7E246D53144F076D008A8586 /* en */ = {isa = PBXFileReference; lastKnownFileType = text.plist.strings; name = en; path = en.lproj/InfoPlist.strings; sourceTree = "<group>"; };
		7E246D55144F076D008A8586 /* main.m */ = {isa = PBXFileReference; lastKnownFileType = sourcecode.c.objc; path = main.m; sourceTree = "<group>"; };
		7E246D57144F076D008A8586 /* iTransmission-Prefix.pch */ = {isa = PBXFileReference; path = "iTransmission-Prefix.pch"; sourceTree = "<group>"; };
		7E246D58144F076D008A8586 /* ITAppDelegate.h */ = {isa = PBXFileReference; path = ITAppDelegate.h; sourceTree = "<group>"; };
		7E246D59144F076D008A8586 /* ITAppDelegate.m */ = {isa = PBXFileReference; lastKnownFileType = sourcecode.c.objc; path = ITAppDelegate.m; sourceTree = "<group>"; };
/* End PBXFileReference section */

/* Begin PBXFrameworksBuildPhase section */
		7E246D42144F076D008A8586 /* Frameworks */ = {
			isa = PBXFrameworksBuildPhase;
			buildActionMask = 2147483647;
			files = (
				7E246D4A144F076D008A8586 /* UIKit.framework in Frameworks */,
				7E246D4C144F076D008A8586 /* Foundation.framework in Frameworks */,
				7E246D4E144F076D008A8586 /* CoreGraphics.framework in Frameworks */,
			);
			runOnlyForDeploymentPostprocessing = 0;
		};
/* End PBXFrameworksBuildPhase section */

/* Begin PBXGroup section */
		7E246D3A144F076C008A8586 = {
			isa = PBXGroup;
			children = (
				7E246D4F144F076D008A8586 /* iTransmission */,
				7E246D48144F076D008A8586 /* Frameworks */,
				7E246D46144F076D008A8586 /* Products */,
			);
			sourceTree = "<group>";
		};
		7E246D46144F076D008A8586 /* Products */ = {
			isa = PBXGroup;
			children = (
				7E246D45144F076D008A8586 /* iTransmission.app */,
			);
			name = Products;
			sourceTree = "<group>";
		};
		7E246D48144F076D008A8586 /* Frameworks */ = {
			isa = PBXGroup;
			children = (
				7E246D49144F076D008A8586 /* UIKit.framework */,
				7E246D4B144F076D008A8586 /* Foundation.framework */,
				7E246D4D144F076D008A8586 /* CoreGraphics.framework */,
			);
			name = Frameworks;
			sourceTree = "<group>";
		};
		7E246D4F144F076D008A8586 /* iTransmission */ = {
			isa = PBXGroup;
			children = (
				7E246D58144F076D008A8586 /* ITAppDelegate.h */,
				7E246D59144F076D008A8586 /* ITAppDelegate.m */,
				7E246D50144F076D008A8586 /* Supporting Files */,
			);
			path = iTransmission;
			sourceTree = "<group>";
		};
		7E246D50144F076D008A8586 /* Supporting Files */ = {
			isa = PBXGroup;
			children = (
				7E246D51144F076D008A8586 /* iTransmission-Info.plist */,
				7E246D52144F076D008A8586 /* InfoPlist.strings */,
				7E246D55144F076D008A8586 /* main.m */,
				7E246D57144F076D008A8586 /* iTransmission-Prefix.pch */,
			);
			name = "Supporting Files";
			sourceTree = "<group>";
		};
/* End PBXGroup section */

/* Begin PBXNativeTarget section */
		7E246D44144F076D008A8586 /* iTransmission */ = {
			isa = PBXNativeTarget;
			buildConfigurationList = 7E246D5D144F076D008A8586 /* Build configuration list for PBXNativeTarget "iTransmission" */;
			buildPhases = (
				7E246D41144F076D008A8586 /* Sources */,
				7E246D42144F076D008A8586 /* Frameworks */,
				7E246D43144F076D008A8586 /* Resources */,
			);
			buildRules = (
			);
			dependencies = (
			);
			name = iTransmission;
			productName = iTransmission;
			productReference = 7E246D45144F076D008A8586 /* iTransmission.app */;
			productType = "com.apple.product-type.application";
		};
/* End PBXNativeTarget section */

/* Begin PBXProject section */
		7E246D3C144F076C008A8586 /* Project object */ = {
			isa = PBXProject;
			attributes = {
				LastUpgradeCheck = 0420;
			};
			buildConfigurationList = 7E246D3F144F076C008A8586 /* Build configuration list for PBXProject "iTransmission" */;
			compatibilityVersion = "Xcode 3.2";
			developmentRegion = English;
			hasScannedForEncodings = 0;
			knownRegions = (
				en,
			);
			mainGroup = 7E246D3A144F076C008A8586;
			productRefGroup = 7E246D46144F076D008A8586 /* Products */;
			projectDirPath = "";
			projectRoot = "";
			targets = (
				7E246D44144F076D008A8586 /* iTransmission */,
			);
		};
/* End PBXProject section */

/* Begin PBXResourcesBuildPhase section */
		7E246D43144F076D008A8586 /* Resources */ = {
			isa = PBXResourcesBuildPhase;
			buildActionMask = 2147483647;
			files = (
				7E246D54144F076D008A8586 /* InfoPlist.strings in Resources */,
			);
			runOnlyForDeploymentPostprocessing = 0;
		};
/* End PBXResourcesBuildPhase section */

/* Begin PBXSourcesBuildPhase section */
		7E246D41144F076D008A8586 /* Sources */ = {
			isa = PBXSourcesBuildPhase;
			buildActionMask = 2147483647;
			files = (
				7E246D56144F076D008A8586 /* main.m in Sources */,
				7E246D5A144F076D008A8586 /* ITAppDelegate.m in Sources */,
			);
			runOnlyForDeploymentPostprocessing = 0;
		};
/* End PBXSourcesBuildPhase section */

/* Begin PBXVariantGroup section */
		7E246D52144F076D008A8586 /* InfoPlist.strings */ = {
			isa = PBXVariantGroup;
			children = (
				7E246D53144F076D008A8586 /* en */,
			);
			name = InfoPlist.strings;
			sourceTree = "<group>";
		};
/* End PBXVariantGroup section */

/* Begin XCBuildConfiguration section */
		7E246D5B144F076D008A8586 /* Debug */ = {
			isa = XCBuildConfiguration;
			buildSettings = {
				ALWAYS_SEARCH_USER_PATHS = NO;
				ARCHS = "$(ARCHS_STANDARD_32_BIT)";
				CLANG_ENABLE_OBJC_ARC = YES;
				"CODE_SIGN_IDENTITY[sdk=iphoneos*]" = "iPhone Developer";
				COPY_PHASE_STRIP = NO;
				GCC_C_LANGUAGE_STANDARD = gnu99;
				GCC_DYNAMIC_NO_PIC = NO;
				GCC_OPTIMIZATION_LEVEL = 0;
				GCC_PREPROCESSOR_DEFINITIONS = (
					"DEBUG=1",
					"$(inherited)",
				);
				GCC_SYMBOLS_PRIVATE_EXTERN = NO;
				GCC_VERSION = com.apple.compilers.llvm.clang.1_0;
				GCC_WARN_ABOUT_MISSING_PROTOTYPES = YES;
				GCC_WARN_ABOUT_RETURN_TYPE = YES;
				GCC_WARN_UNUSED_VARIABLE = YES;
				IPHONEOS_DEPLOYMENT_TARGET = 5.0;
				SDKROOT = iphoneos;
				TARGETED_DEVICE_FAMILY = "1,2";
			};
			name = Debug;
		};
		7E246D5C144F076D008A8586 /* Release */ = {
			isa = XCBuildConfiguration;
			buildSettings = {
				ALWAYS_SEARCH_USER_PATHS = NO;
				ARCHS = "$(ARCHS_STANDARD_32_BIT)";
				CLANG_ENABLE_OBJC_ARC = YES;
				"CODE_SIGN_IDENTITY[sdk=iphoneos*]" = "iPhone Developer";
				COPY_PHASE_STRIP = YES;
				GCC_C_LANGUAGE_STANDARD = gnu99;
				GCC_VERSION = com.apple.compilers.llvm.clang.1_0;
				GCC_WARN_ABOUT_MISSING_PROTOTYPES = YES;
				GCC_WARN_ABOUT_RETURN_TYPE = YES;
				GCC_WARN_UNUSED_VARIABLE = YES;
				IPHONEOS_DEPLOYMENT_TARGET = 5.0;
				OTHER_CFLAGS = "-DNS_BLOCK_ASSERTIONS=1";
				SDKROOT = iphoneos;
				TARGETED_DEVICE_FAMILY = "1,2";
				VALIDATE_PRODUCT = YES;
			};
			name = Release;
		};
		7E246D5E144F076D008A8586 /* Debug */ = {
			isa = XCBuildConfiguration;
			buildSettings = {
				GCC_PRECOMPILE_PREFIX_HEADER = YES;
				GCC_PREFIX_HEADER = "iTransmission/iTransmission-Prefix.pch";
				INFOPLIST_FILE = "iTransmission/iTransmission-Info.plist";
				PRODUCT_NAME = "$(TARGET_NAME)";
				WRAPPER_EXTENSION = app;
			};
			name = Debug;
		};
		7E246D5F144F076D008A8586 /* Release */ = {
			isa = XCBuildConfiguration;
			buildSettings = {
				GCC_PRECOMPILE_PREFIX_HEADER = YES;
				GCC_PREFIX_HEADER = "iTransmission/iTransmission-Prefix.pch";
				INFOPLIST_FILE = "iTransmission/iTransmission-Info.plist";
				PRODUCT_NAME = "$(TARGET_NAME)";
				WRAPPER_EXTENSION = app;
			};
			name = Release;
		};
/* End XCBuildConfiguration section */

/* Begin XCConfigurationList section */
		7E246D3F144F076C008A8586 /* Build configuration list for PBXProject "iTransmission" */ = {
			isa = XCConfigurationList;
			buildConfigurations = (
				7E246D5B144F076D008A8586 /* Debug */,
				7E246D5C144F076D008A8586 /* Release */,
			);
			defaultConfigurationIsVisible = 0;
			defaultConfigurationName = Release;
		};
		7E246D5D144F076D008A8586 /* Build configuration list for PBXNativeTarget "iTransmission" */ = {
			isa = XCConfigurationList;
			buildConfigurations = (
				7E246D5E144F076D008A8586 /* Debug */,
				7E246D5F144F076D008A8586 /* Release */,
			);
			defaultConfigurationIsVisible = 0;
		};
/* End XCConfigurationList section */
	};
	rootObject = 7E246D3C144F076C008A8586 /* Project object */;
}
